
Microsoft Visual Studio Solution File, Format Version 12.00
# Visual Studio 15
VisualStudioVersion = 15.0.27703.2042
MinimumVisualStudioVersion = 10.0.40219.1
Project("{F184B08F-C81C-45F6-A57F-5ABD9991F28F}") = "Rekonator", "Rekonator\Rekonator.vbproj", "{4B2C46C7-D548-450A-835D-2845B2465F1D}"
EndProject
Global
	GlobalSection(SolutionConfigurationPlatforms) = preSolution
		Debug|Any CPU = Debug|Any CPU
		Release|Any CPU = Release|Any CPU
	EndGlobalSection
	GlobalSection(ProjectConfigurationPlatforms) = postSolution
		{4B2C46C7-D548-450A-835D-2845B2465F1D}.Debug|Any CPU.ActiveCfg = Debug|Any CPU
		{4B2C46C7-D548-450A-835D-2845B2465F1D}.Debug|Any CPU.Build.0 = Debug|Any CPU
		{4B2C46C7-D548-450A-835D-2845B2465F1D}.Release|Any CPU.ActiveCfg = Release|Any CPU
		{4B2C46C7-D548-450A-835D-2845B2465F1D}.Release|Any CPU.Build.0 = Release|Any CPU
	EndGlobalSection
	GlobalSection(SolutionProperties) = preSolution
		HideSolutionNode = FALSE
	EndGlobalSection
	GlobalSection(ExtensibilityGlobals) = postSolution
		SolutionGuid = {3AA92580-6DD9-4ABF-B6CD-08E192A9DEE5}
	EndGlobalSection
EndGlobal
